
Microsoft Visual Studio Solution File, Format Version 12.00
# Visual Studio 15
VisualStudioVersion = 15.0.27703.2047
MinimumVisualStudioVersion = 10.0.40219.1
Project("{FAE04EC0-301F-11D3-BF4B-00C04F79EFBC}") = "Synapse.Handlers.AWSEC2Resize", "Synapse.Handlers.AWSEC2Resize.csproj", "{10DBC8CE-E522-4BD0-A89E-C0E64CAB4D00}"
EndProject
Global
	GlobalSection(SolutionConfigurationPlatforms) = preSolution
		Debug|Any CPU = Debug|Any CPU
		Release|Any CPU = Release|Any CPU
	EndGlobalSection
	GlobalSection(ProjectConfigurationPlatforms) = postSolution
		{10DBC8CE-E522-4BD0-A89E-C0E64CAB4D00}.Debug|Any CPU.ActiveCfg = Debug|Any CPU
		{10DBC8CE-E522-4BD0-A89E-C0E64CAB4D00}.Debug|Any CPU.Build.0 = Debug|Any CPU
		{10DBC8CE-E522-4BD0-A89E-C0E64CAB4D00}.Release|Any CPU.ActiveCfg = Release|Any CPU
		{10DBC8CE-E522-4BD0-A89E-C0E64CAB4D00}.Release|Any CPU.Build.0 = Release|Any CPU
	EndGlobalSection
	GlobalSection(SolutionProperties) = preSolution
		HideSolutionNode = FALSE
	EndGlobalSection
	GlobalSection(ExtensibilityGlobals) = postSolution
		SolutionGuid = {34AE755A-7FC8-4D26-8EC2-44778D28B586}
	EndGlobalSection
EndGlobal
